
Microsoft Visual Studio Solution File, Format Version 12.00
# Visual Studio Version 17
VisualStudioVersion = 17.8.34525.116
MinimumVisualStudioVersion = 10.0.40219.1
Project("{8BC9CEB8-8B4A-11D0-8D11-00A0C91BC942}") = "Project13", "Project13\Project13.vcxproj", "{7E915006-702F-4B45-B3A5-59B8E7E627F9}"
EndProject
Global
	GlobalSection(SolutionConfigurationPlatforms) = preSolution
		Debug|x64 = Debug|x64
		Debug|x86 = Debug|x86
		Release|x64 = Release|x64
		Release|x86 = Release|x86
	EndGlobalSection
	GlobalSection(ProjectConfigurationPlatforms) = postSolution
		{7E915006-702F-4B45-B3A5-59B8E7E627F9}.Debug|x64.ActiveCfg = Debug|x64
		{7E915006-702F-4B45-B3A5-59B8E7E627F9}.Debug|x64.Build.0 = Debug|x64
		{7E915006-702F-4B45-B3A5-59B8E7E627F9}.Debug|x86.ActiveCfg = Debug|Win32
		{7E915006-702F-4B45-B3A5-59B8E7E627F9}.Debug|x86.Build.0 = Debug|Win32
		{7E915006-702F-4B45-B3A5-59B8E7E627F9}.Release|x64.ActiveCfg = Release|x64
		{7E915006-702F-4B45-B3A5-59B8E7E627F9}.Release|x64.Build.0 = Release|x64
		{7E915006-702F-4B45-B3A5-59B8E7E627F9}.Release|x86.ActiveCfg = Release|Win32
		{7E915006-702F-4B45-B3A5-59B8E7E627F9}.Release|x86.Build.0 = Release|Win32
	EndGlobalSection
	GlobalSection(SolutionProperties) = preSolution
		HideSolutionNode = FALSE
	EndGlobalSection
	GlobalSection(ExtensibilityGlobals) = postSolution
		SolutionGuid = {9115BA58-9333-4C12-8552-A44713C21AF9}
	EndGlobalSection
EndGlobal
